// !$*UTF8*$!
{
	archiveVersion = 1;
	classes = {
	};
	objectVersion = 77;
	objects = {

/* Begin PBXBuildFile section */
		278FF5742DED025200578BF1 /* SweetSpotsShare.appex in Embed Foundation Extensions */ = {isa = PBXBuildFile; fileRef = 278FF56A2DED025200578BF1 /* SweetSpotsShare.appex */; settings = {ATTRIBUTES = (RemoveHeadersOnCopy, ); }; };
		27DDDC6A2DC81107007F073E /* FirebaseAuth in Frameworks */ = {isa = PBXBuildFile; productRef = 27DDDC692DC81107007F073E /* FirebaseAuth */; };
		27DDDC6C2DC81107007F073E /* FirebaseFirestore in Frameworks */ = {isa = PBXBuildFile; productRef = 27DDDC6B2DC81107007F073E /* FirebaseFirestore */; };
/* End PBXBuildFile section */

/* Begin PBXContainerItemProxy section */
		278FF5722DED025200578BF1 /* PBXContainerItemProxy */ = {
			isa = PBXContainerItemProxy;
			containerPortal = 27DDDC362DC81019007F073E /* Project object */;
			proxyType = 1;
			remoteGlobalIDString = 278FF5692DED025200578BF1;
			remoteInfo = SweetSpotsShare;
		};
		27DDDC4C2DC8101B007F073E /* PBXContainerItemProxy */ = {
			isa = PBXContainerItemProxy;
			containerPortal = 27DDDC362DC81019007F073E /* Project object */;
			proxyType = 1;
			remoteGlobalIDString = 27DDDC3D2DC81019007F073E;
			remoteInfo = SweetSpots;
		};
		27DDDC562DC8101B007F073E /* PBXContainerItemProxy */ = {
			isa = PBXContainerItemProxy;
			containerPortal = 27DDDC362DC81019007F073E /* Project object */;
			proxyType = 1;
			remoteGlobalIDString = 27DDDC3D2DC81019007F073E;
			remoteInfo = SweetSpots;
		};
/* End PBXContainerItemProxy section */

/* Begin PBXCopyFilesBuildPhase section */
		278FF5752DED025200578BF1 /* Embed Foundation Extensions */ = {
			isa = PBXCopyFilesBuildPhase;
			buildActionMask = 2147483647;
			dstPath = "";
			dstSubfolderSpec = 13;
			files = (
				278FF5742DED025200578BF1 /* SweetSpotsShare.appex in Embed Foundation Extensions */,
			);
			name = "Embed Foundation Extensions";
			runOnlyForDeploymentPostprocessing = 0;
		};
/* End PBXCopyFilesBuildPhase section */

/* Begin PBXFileReference section */
		278FF56A2DED025200578BF1 /* SweetSpotsShare.appex */ = {isa = PBXFileReference; explicitFileType = "wrapper.app-extension"; includeInIndex = 0; path = SweetSpotsShare.appex; sourceTree = BUILT_PRODUCTS_DIR; };
		27DDDC3E2DC81019007F073E /* SweetSpots.app */ = {isa = PBXFileReference; explicitFileType = wrapper.application; includeInIndex = 0; path = SweetSpots.app; sourceTree = BUILT_PRODUCTS_DIR; };
		27DDDC4B2DC8101B007F073E /* SweetSpotsTests.xctest */ = {isa = PBXFileReference; explicitFileType = wrapper.cfbundle; includeInIndex = 0; path = SweetSpotsTests.xctest; sourceTree = BUILT_PRODUCTS_DIR; };
		27DDDC552DC8101B007F073E /* SweetSpotsUITests.xctest */ = {isa = PBXFileReference; explicitFileType = wrapper.cfbundle; includeInIndex = 0; path = SweetSpotsUITests.xctest; sourceTree = BUILT_PRODUCTS_DIR; };
/* End PBXFileReference section */

/* Begin PBXFileSystemSynchronizedBuildFileExceptionSet section */
		278FF5792DED025200578BF1 /* Exceptions for "SweetSpotsShare" folder in "SweetSpotsShare" target */ = {
			isa = PBXFileSystemSynchronizedBuildFileExceptionSet;
			membershipExceptions = (
				Info.plist,
			);
			target = 278FF5692DED025200578BF1 /* SweetSpotsShare */;
		};
		27C0FAE52DDBC95200C9A039 /* Exceptions for "SweetSpots" folder in "SweetSpots" target */ = {
			isa = PBXFileSystemSynchronizedBuildFileExceptionSet;
			membershipExceptions = (
				Info.plist,
			);
			target = 27DDDC3D2DC81019007F073E /* SweetSpots */;
		};
/* End PBXFileSystemSynchronizedBuildFileExceptionSet section */

/* Begin PBXFileSystemSynchronizedRootGroup section */
		278FF56B2DED025200578BF1 /* SweetSpotsShare */ = {
			isa = PBXFileSystemSynchronizedRootGroup;
			exceptions = (
				278FF5792DED025200578BF1 /* Exceptions for "SweetSpotsShare" folder in "SweetSpotsShare" target */,
			);
			path = SweetSpotsShare;
			sourceTree = "<group>";
		};
		27DDDC402DC81019007F073E /* SweetSpots */ = {
			isa = PBXFileSystemSynchronizedRootGroup;
			exceptions = (
				27C0FAE52DDBC95200C9A039 /* Exceptions for "SweetSpots" folder in "SweetSpots" target */,
			);
			path = SweetSpots;
			sourceTree = "<group>";
		};
		27DDDC4E2DC8101B007F073E /* SweetSpotsTests */ = {
			isa = PBXFileSystemSynchronizedRootGroup;
			path = SweetSpotsTests;
			sourceTree = "<group>";
		};
		27DDDC582DC8101B007F073E /* SweetSpotsUITests */ = {
			isa = PBXFileSystemSynchronizedRootGroup;
			path = SweetSpotsUITests;
			sourceTree = "<group>";
		};
/* End PBXFileSystemSynchronizedRootGroup section */

/* Begin PBXFrameworksBuildPhase section */
		278FF5672DED025200578BF1 /* Frameworks */ = {
			isa = PBXFrameworksBuildPhase;
			buildActionMask = 2147483647;
			files = (
			);
			runOnlyForDeploymentPostprocessing = 0;
		};
		27DDDC3B2DC81019007F073E /* Frameworks */ = {
			isa = PBXFrameworksBuildPhase;
			buildActionMask = 2147483647;
			files = (
				27DDDC6A2DC81107007F073E /* FirebaseAuth in Frameworks */,
				27DDDC6C2DC81107007F073E /* FirebaseFirestore in Frameworks */,
			);
			runOnlyForDeploymentPostprocessing = 0;
		};
		27DDDC482DC8101B007F073E /* Frameworks */ = {
			isa = PBXFrameworksBuildPhase;
			buildActionMask = 2147483647;
			files = (
			);
			runOnlyForDeploymentPostprocessing = 0;
		};
		27DDDC522DC8101B007F073E /* Frameworks */ = {
			isa = PBXFrameworksBuildPhase;
			buildActionMask = 2147483647;
			files = (
			);
			runOnlyForDeploymentPostprocessing = 0;
		};
/* End PBXFrameworksBuildPhase section */

/* Begin PBXGroup section */
		27DDDC352DC81019007F073E = {
			isa = PBXGroup;
			children = (
				27DDDC402DC81019007F073E /* SweetSpots */,
				27DDDC4E2DC8101B007F073E /* SweetSpotsTests */,
				27DDDC582DC8101B007F073E /* SweetSpotsUITests */,
				278FF56B2DED025200578BF1 /* SweetSpotsShare */,
				27DDDC3F2DC81019007F073E /* Products */,
			);
			sourceTree = "<group>";
		};
		27DDDC3F2DC81019007F073E /* Products */ = {
			isa = PBXGroup;
			children = (
				27DDDC3E2DC81019007F073E /* SweetSpots.app */,
				27DDDC4B2DC8101B007F073E /* SweetSpotsTests.xctest */,
				27DDDC552DC8101B007F073E /* SweetSpotsUITests.xctest */,
				278FF56A2DED025200578BF1 /* SweetSpotsShare.appex */,
			);
			name = Products;
			sourceTree = "<group>";
		};
/* End PBXGroup section */

/* Begin PBXNativeTarget section */
		278FF5692DED025200578BF1 /* SweetSpotsShare */ = {
			isa = PBXNativeTarget;
			buildConfigurationList = 278FF5782DED025200578BF1 /* Build configuration list for PBXNativeTarget "SweetSpotsShare" */;
			buildPhases = (
				278FF5662DED025200578BF1 /* Sources */,
				278FF5672DED025200578BF1 /* Frameworks */,
				278FF5682DED025200578BF1 /* Resources */,
			);
			buildRules = (
			);
			dependencies = (
			);
			fileSystemSynchronizedGroups = (
				278FF56B2DED025200578BF1 /* SweetSpotsShare */,
			);
			name = SweetSpotsShare;
			packageProductDependencies = (
			);
			productName = SweetSpotsShare;
			productReference = 278FF56A2DED025200578BF1 /* SweetSpotsShare.appex */;
			productType = "com.apple.product-type.app-extension";
		};
		27DDDC3D2DC81019007F073E /* SweetSpots */ = {
			isa = PBXNativeTarget;
			buildConfigurationList = 27DDDC5F2DC8101B007F073E /* Build configuration list for PBXNativeTarget "SweetSpots" */;
			buildPhases = (
				27DDDC3A2DC81019007F073E /* Sources */,
				27DDDC3B2DC81019007F073E /* Frameworks */,
				27DDDC3C2DC81019007F073E /* Resources */,
				278FF5752DED025200578BF1 /* Embed Foundation Extensions */,
			);
			buildRules = (
			);
			dependencies = (
				278FF5732DED025200578BF1 /* PBXTargetDependency */,
			);
			fileSystemSynchronizedGroups = (
				27DDDC402DC81019007F073E /* SweetSpots */,
			);
			name = SweetSpots;
			packageProductDependencies = (
				27DDDC692DC81107007F073E /* FirebaseAuth */,
				27DDDC6B2DC81107007F073E /* FirebaseFirestore */,
			);
			productName = SweetSpots;
			productReference = 27DDDC3E2DC81019007F073E /* SweetSpots.app */;
			productType = "com.apple.product-type.application";
		};
		27DDDC4A2DC8101B007F073E /* SweetSpotsTests */ = {
			isa = PBXNativeTarget;
			buildConfigurationList = 27DDDC622DC8101B007F073E /* Build configuration list for PBXNativeTarget "SweetSpotsTests" */;
			buildPhases = (
				27DDDC472DC8101B007F073E /* Sources */,
				27DDDC482DC8101B007F073E /* Frameworks */,
				27DDDC492DC8101B007F073E /* Resources */,
			);
			buildRules = (
			);
			dependencies = (
				27DDDC4D2DC8101B007F073E /* PBXTargetDependency */,
			);
			fileSystemSynchronizedGroups = (
				27DDDC4E2DC8101B007F073E /* SweetSpotsTests */,
			);
			name = SweetSpotsTests;
			packageProductDependencies = (
			);
			productName = SweetSpotsTests;
			productReference = 27DDDC4B2DC8101B007F073E /* SweetSpotsTests.xctest */;
			productType = "com.apple.product-type.bundle.unit-test";
		};
		27DDDC542DC8101B007F073E /* SweetSpotsUITests */ = {
			isa = PBXNativeTarget;
			buildConfigurationList = 27DDDC652DC8101B007F073E /* Build configuration list for PBXNativeTarget "SweetSpotsUITests" */;
			buildPhases = (
				27DDDC512DC8101B007F073E /* Sources */,
				27DDDC522DC8101B007F073E /* Frameworks */,
				27DDDC532DC8101B007F073E /* Resources */,
			);
			buildRules = (
			);
			dependencies = (
				27DDDC572DC8101B007F073E /* PBXTargetDependency */,
			);
			fileSystemSynchronizedGroups = (
				27DDDC582DC8101B007F073E /* SweetSpotsUITests */,
			);
			name = SweetSpotsUITests;
			packageProductDependencies = (
			);
			productName = SweetSpotsUITests;
			productReference = 27DDDC552DC8101B007F073E /* SweetSpotsUITests.xctest */;
			productType = "com.apple.product-type.bundle.ui-testing";
		};
/* End PBXNativeTarget section */

/* Begin PBXProject section */
		27DDDC362DC81019007F073E /* Project object */ = {
			isa = PBXProject;
			attributes = {
				BuildIndependentTargetsInParallel = 1;
				LastSwiftUpdateCheck = 1640;
				LastUpgradeCheck = 1630;
				TargetAttributes = {
					278FF5692DED025200578BF1 = {
						CreatedOnToolsVersion = 16.4;
					};
					27DDDC3D2DC81019007F073E = {
						CreatedOnToolsVersion = 16.3;
					};
					27DDDC4A2DC8101B007F073E = {
						CreatedOnToolsVersion = 16.3;
						TestTargetID = 27DDDC3D2DC81019007F073E;
					};
					27DDDC542DC8101B007F073E = {
						CreatedOnToolsVersion = 16.3;
						TestTargetID = 27DDDC3D2DC81019007F073E;
					};
				};
			};
			buildConfigurationList = 27DDDC392DC81019007F073E /* Build configuration list for PBXProject "SweetSpots" */;
			developmentRegion = en;
			hasScannedForEncodings = 0;
			knownRegions = (
				en,
				Base,
			);
			mainGroup = 27DDDC352DC81019007F073E;
			minimizedProjectReferenceProxies = 1;
			packageReferences = (
				27DDDC682DC81107007F073E /* XCRemoteSwiftPackageReference "firebase-ios-sdk" */,
			);
			preferredProjectObjectVersion = 77;
			productRefGroup = 27DDDC3F2DC81019007F073E /* Products */;
			projectDirPath = "";
			projectRoot = "";
			targets = (
				27DDDC3D2DC81019007F073E /* SweetSpots */,
				27DDDC4A2DC8101B007F073E /* SweetSpotsTests */,
				27DDDC542DC8101B007F073E /* SweetSpotsUITests */,
				278FF5692DED025200578BF1 /* SweetSpotsShare */,
			);
		};
/* End PBXProject section */

/* Begin PBXResourcesBuildPhase section */
		278FF5682DED025200578BF1 /* Resources */ = {
			isa = PBXResourcesBuildPhase;
			buildActionMask = 2147483647;
			files = (
			);
			runOnlyForDeploymentPostprocessing = 0;
		};
		27DDDC3C2DC81019007F073E /* Resources */ = {
			isa = PBXResourcesBuildPhase;
			buildActionMask = 2147483647;
			files = (
			);
			runOnlyForDeploymentPostprocessing = 0;
		};
		27DDDC492DC8101B007F073E /* Resources */ = {
			isa = PBXResourcesBuildPhase;
			buildActionMask = 2147483647;
			files = (
			);
			runOnlyForDeploymentPostprocessing = 0;
		};
		27DDDC532DC8101B007F073E /* Resources */ = {
			isa = PBXResourcesBuildPhase;
			buildActionMask = 2147483647;
			files = (
			);
			runOnlyForDeploymentPostprocessing = 0;
		};
/* End PBXResourcesBuildPhase section */

/* Begin PBXSourcesBuildPhase section */
		278FF5662DED025200578BF1 /* Sources */ = {
			isa = PBXSourcesBuildPhase;
			buildActionMask = 2147483647;
			files = (
			);
			runOnlyForDeploymentPostprocessing = 0;
		};
		27DDDC3A2DC81019007F073E /* Sources */ = {
			isa = PBXSourcesBuildPhase;
			buildActionMask = 2147483647;
			files = (
			);
			runOnlyForDeploymentPostprocessing = 0;
		};
		27DDDC472DC8101B007F073E /* Sources */ = {
			isa = PBXSourcesBuildPhase;
			buildActionMask = 2147483647;
			files = (
			);
			runOnlyForDeploymentPostprocessing = 0;
		};
		27DDDC512DC8101B007F073E /* Sources */ = {
			isa = PBXSourcesBuildPhase;
			buildActionMask = 2147483647;
			files = (
			);
			runOnlyForDeploymentPostprocessing = 0;
		};
/* End PBXSourcesBuildPhase section */

/* Begin PBXTargetDependency section */
		278FF5732DED025200578BF1 /* PBXTargetDependency */ = {
			isa = PBXTargetDependency;
			target = 278FF5692DED025200578BF1 /* SweetSpotsShare */;
			targetProxy = 278FF5722DED025200578BF1 /* PBXContainerItemProxy */;
		};
		27DDDC4D2DC8101B007F073E /* PBXTargetDependency */ = {
			isa = PBXTargetDependency;
			target = 27DDDC3D2DC81019007F073E /* SweetSpots */;
			targetProxy = 27DDDC4C2DC8101B007F073E /* PBXContainerItemProxy */;
		};
		27DDDC572DC8101B007F073E /* PBXTargetDependency */ = {
			isa = PBXTargetDependency;
			target = 27DDDC3D2DC81019007F073E /* SweetSpots */;
			targetProxy = 27DDDC562DC8101B007F073E /* PBXContainerItemProxy */;
		};
/* End PBXTargetDependency section */

/* Begin XCBuildConfiguration section */
		278FF5762DED025200578BF1 /* Debug */ = {
			isa = XCBuildConfiguration;
			buildSettings = {
				CODE_SIGN_ENTITLEMENTS = SweetSpotsShare/SweetSpotsShare.entitlements;
				CODE_SIGN_STYLE = Automatic;
				CURRENT_PROJECT_VERSION = 4;
				DEVELOPMENT_TEAM = BQJVVK7V3Q;
				GENERATE_INFOPLIST_FILE = YES;
				INFOPLIST_FILE = SweetSpotsShare/Info.plist;
				INFOPLIST_KEY_CFBundleDisplayName = SweetSpotsShare;
				INFOPLIST_KEY_NSHumanReadableCopyright = "";
				IPHONEOS_DEPLOYMENT_TARGET = 18.5;
				LD_RUNPATH_SEARCH_PATHS = (
					"$(inherited)",
					"@executable_path/Frameworks",
					"@executable_path/../../Frameworks",
				);
				MARKETING_VERSION = 1.2;
				PRODUCT_BUNDLE_IDENTIFIER = com.charliegroll.SweetSpots.SweetSpotsShare;
				PRODUCT_NAME = "$(TARGET_NAME)";
				SKIP_INSTALL = YES;
				SWIFT_EMIT_LOC_STRINGS = YES;
				SWIFT_VERSION = 5.0;
				TARGETED_DEVICE_FAMILY = "1,2";
			};
			name = Debug;
		};
		278FF5772DED025200578BF1 /* Release */ = {
			isa = XCBuildConfiguration;
			buildSettings = {
				CODE_SIGN_ENTITLEMENTS = SweetSpotsShare/SweetSpotsShare.entitlements;
				CODE_SIGN_STYLE = Automatic;
				CURRENT_PROJECT_VERSION = 4;
				DEVELOPMENT_TEAM = BQJVVK7V3Q;
				GENERATE_INFOPLIST_FILE = YES;
				INFOPLIST_FILE = SweetSpotsShare/Info.plist;
				INFOPLIST_KEY_CFBundleDisplayName = SweetSpotsShare;
				INFOPLIST_KEY_NSHumanReadableCopyright = "";
				IPHONEOS_DEPLOYMENT_TARGET = 18.5;
				LD_RUNPATH_SEARCH_PATHS = (
					"$(inherited)",
					"@executable_path/Frameworks",
					"@executable_path/../../Frameworks",
				);
				MARKETING_VERSION = 1.2;
				PRODUCT_BUNDLE_IDENTIFIER = com.charliegroll.SweetSpots.SweetSpotsShare;
				PRODUCT_NAME = "$(TARGET_NAME)";
				SKIP_INSTALL = YES;
				SWIFT_EMIT_LOC_STRINGS = YES;
				SWIFT_VERSION = 5.0;
				TARGETED_DEVICE_FAMILY = "1,2";
			};
			name = Release;
		};
		27DDDC5D2DC8101B007F073E /* Debug */ = {
			isa = XCBuildConfiguration;
			buildSettings = {
				ALWAYS_SEARCH_USER_PATHS = NO;
				ASSETCATALOG_COMPILER_GENERATE_SWIFT_ASSET_SYMBOL_EXTENSIONS = YES;
				CLANG_ANALYZER_NONNULL = YES;
				CLANG_ANALYZER_NUMBER_OBJECT_CONVERSION = YES_AGGRESSIVE;
				CLANG_CXX_LANGUAGE_STANDARD = "gnu++20";
				CLANG_ENABLE_MODULES = YES;
				CLANG_ENABLE_OBJC_ARC = YES;
				CLANG_ENABLE_OBJC_WEAK = YES;
				CLANG_WARN_BLOCK_CAPTURE_AUTORELEASING = YES;
				CLANG_WARN_BOOL_CONVERSION = YES;
				CLANG_WARN_COMMA = YES;
				CLANG_WARN_CONSTANT_CONVERSION = YES;
				CLANG_WARN_DEPRECATED_OBJC_IMPLEMENTATIONS = YES;
				CLANG_WARN_DIRECT_OBJC_ISA_USAGE = YES_ERROR;
				CLANG_WARN_DOCUMENTATION_COMMENTS = YES;
				CLANG_WARN_EMPTY_BODY = YES;
				CLANG_WARN_ENUM_CONVERSION = YES;
				CLANG_WARN_INFINITE_RECURSION = YES;
				CLANG_WARN_INT_CONVERSION = YES;
				CLANG_WARN_NON_LITERAL_NULL_CONVERSION = YES;
				CLANG_WARN_OBJC_IMPLICIT_RETAIN_SELF = YES;
				CLANG_WARN_OBJC_LITERAL_CONVERSION = YES;
				CLANG_WARN_OBJC_ROOT_CLASS = YES_ERROR;
				CLANG_WARN_QUOTED_INCLUDE_IN_FRAMEWORK_HEADER = YES;
				CLANG_WARN_RANGE_LOOP_ANALYSIS = YES;
				CLANG_WARN_STRICT_PROTOTYPES = YES;
				CLANG_WARN_SUSPICIOUS_MOVE = YES;
				CLANG_WARN_UNGUARDED_AVAILABILITY = YES_AGGRESSIVE;
				CLANG_WARN_UNREACHABLE_CODE = YES;
				CLANG_WARN__DUPLICATE_METHOD_MATCH = YES;
				COPY_PHASE_STRIP = NO;
				DEBUG_INFORMATION_FORMAT = dwarf;
				DEVELOPMENT_TEAM = BQJVVK7V3Q;
				ENABLE_STRICT_OBJC_MSGSEND = YES;
				ENABLE_TESTABILITY = YES;
				ENABLE_USER_SCRIPT_SANDBOXING = YES;
				GCC_C_LANGUAGE_STANDARD = gnu17;
				GCC_DYNAMIC_NO_PIC = NO;
				GCC_NO_COMMON_BLOCKS = YES;
				GCC_OPTIMIZATION_LEVEL = 0;
				GCC_PREPROCESSOR_DEFINITIONS = (
					"DEBUG=1",
					"$(inherited)",
				);
				GCC_WARN_64_TO_32_BIT_CONVERSION = YES;
				GCC_WARN_ABOUT_RETURN_TYPE = YES_ERROR;
				GCC_WARN_UNDECLARED_SELECTOR = YES;
				GCC_WARN_UNINITIALIZED_AUTOS = YES_AGGRESSIVE;
				GCC_WARN_UNUSED_FUNCTION = YES;
				GCC_WARN_UNUSED_VARIABLE = YES;
				IPHONEOS_DEPLOYMENT_TARGET = 18.4;
				LOCALIZATION_PREFERS_STRING_CATALOGS = YES;
				MTL_ENABLE_DEBUG_INFO = INCLUDE_SOURCE;
				MTL_FAST_MATH = YES;
				ONLY_ACTIVE_ARCH = YES;
				SDKROOT = iphoneos;
				SWIFT_ACTIVE_COMPILATION_CONDITIONS = "DEBUG $(inherited)";
				SWIFT_OPTIMIZATION_LEVEL = "-Onone";
			};
			name = Debug;
		};
		27DDDC5E2DC8101B007F073E /* Release */ = {
			isa = XCBuildConfiguration;
			buildSettings = {
				ALWAYS_SEARCH_USER_PATHS = NO;
				ASSETCATALOG_COMPILER_GENERATE_SWIFT_ASSET_SYMBOL_EXTENSIONS = YES;
				CLANG_ANALYZER_NONNULL = YES;
				CLANG_ANALYZER_NUMBER_OBJECT_CONVERSION = YES_AGGRESSIVE;
				CLANG_CXX_LANGUAGE_STANDARD = "gnu++20";
				CLANG_ENABLE_MODULES = YES;
				CLANG_ENABLE_OBJC_ARC = YES;
				CLANG_ENABLE_OBJC_WEAK = YES;
				CLANG_WARN_BLOCK_CAPTURE_AUTORELEASING = YES;
				CLANG_WARN_BOOL_CONVERSION = YES;
				CLANG_WARN_COMMA = YES;
				CLANG_WARN_CONSTANT_CONVERSION = YES;
				CLANG_WARN_DEPRECATED_OBJC_IMPLEMENTATIONS = YES;
				CLANG_WARN_DIRECT_OBJC_ISA_USAGE = YES_ERROR;
				CLANG_WARN_DOCUMENTATION_COMMENTS = YES;
				CLANG_WARN_EMPTY_BODY = YES;
				CLANG_WARN_ENUM_CONVERSION = YES;
				CLANG_WARN_INFINITE_RECURSION = YES;
				CLANG_WARN_INT_CONVERSION = YES;
				CLANG_WARN_NON_LITERAL_NULL_CONVERSION = YES;
				CLANG_WARN_OBJC_IMPLICIT_RETAIN_SELF = YES;
				CLANG_WARN_OBJC_LITERAL_CONVERSION = YES;
				CLANG_WARN_OBJC_ROOT_CLASS = YES_ERROR;
				CLANG_WARN_QUOTED_INCLUDE_IN_FRAMEWORK_HEADER = YES;
				CLANG_WARN_RANGE_LOOP_ANALYSIS = YES;
				CLANG_WARN_STRICT_PROTOTYPES = YES;
				CLANG_WARN_SUSPICIOUS_MOVE = YES;
				CLANG_WARN_UNGUARDED_AVAILABILITY = YES_AGGRESSIVE;
				CLANG_WARN_UNREACHABLE_CODE = YES;
				CLANG_WARN__DUPLICATE_METHOD_MATCH = YES;
				COPY_PHASE_STRIP = NO;
				DEBUG_INFORMATION_FORMAT = "dwarf-with-dsym";
				DEVELOPMENT_TEAM = BQJVVK7V3Q;
				ENABLE_NS_ASSERTIONS = NO;
				ENABLE_STRICT_OBJC_MSGSEND = YES;
				ENABLE_USER_SCRIPT_SANDBOXING = YES;
				GCC_C_LANGUAGE_STANDARD = gnu17;
				GCC_NO_COMMON_BLOCKS = YES;
				GCC_WARN_64_TO_32_BIT_CONVERSION = YES;
				GCC_WARN_ABOUT_RETURN_TYPE = YES_ERROR;
				GCC_WARN_UNDECLARED_SELECTOR = YES;
				GCC_WARN_UNINITIALIZED_AUTOS = YES_AGGRESSIVE;
				GCC_WARN_UNUSED_FUNCTION = YES;
				GCC_WARN_UNUSED_VARIABLE = YES;
				IPHONEOS_DEPLOYMENT_TARGET = 18.4;
				LOCALIZATION_PREFERS_STRING_CATALOGS = YES;
				MTL_ENABLE_DEBUG_INFO = NO;
				MTL_FAST_MATH = YES;
				SDKROOT = iphoneos;
				SWIFT_COMPILATION_MODE = wholemodule;
				VALIDATE_PRODUCT = YES;
			};
			name = Release;
		};
		27DDDC602DC8101B007F073E /* Debug */ = {
			isa = XCBuildConfiguration;
			buildSettings = {
				ASSETCATALOG_COMPILER_APPICON_NAME = AppIcon;
				ASSETCATALOG_COMPILER_GLOBAL_ACCENT_COLOR_NAME = AccentColor;
				CODE_SIGN_ENTITLEMENTS = SweetSpots/SweetSpots.entitlements;
				CODE_SIGN_STYLE = Automatic;
				CURRENT_PROJECT_VERSION = 4;
				DEVELOPMENT_TEAM = BQJVVK7V3Q;
				ENABLE_PREVIEWS = YES;
				GENERATE_INFOPLIST_FILE = YES;
				INFOPLIST_FILE = SweetSpots/Info.plist;
				INFOPLIST_KEY_NSLocationAlwaysAndWhenInUseUsageDescription = "SweetSpots uses your location in the background to notify you when you're near one of your saved favorite places, even when the app is closed";
				INFOPLIST_KEY_NSLocationWhenInUseUsageDescription = "SweetSpots uses your location to show nearby saved places on the map and help you discover them";
				INFOPLIST_KEY_UIApplicationSceneManifest_Generation = YES;
				INFOPLIST_KEY_UIApplicationSupportsIndirectInputEvents = YES;
				INFOPLIST_KEY_UISupportedInterfaceOrientations_iPad = "UIInterfaceOrientationPortrait UIInterfaceOrientationPortraitUpsideDown UIInterfaceOrientationLandscapeLeft UIInterfaceOrientationLandscapeRight";
				INFOPLIST_KEY_UISupportedInterfaceOrientations_iPhone = "UIInterfaceOrientationPortrait UIInterfaceOrientationLandscapeLeft UIInterfaceOrientationLandscapeRight";
				LD_RUNPATH_SEARCH_PATHS = (
					"$(inherited)",
					"@executable_path/Frameworks",
				);
				MARKETING_VERSION = 1.2;
				PRODUCT_BUNDLE_IDENTIFIER = com.charliegroll.SweetSpots;
				PRODUCT_NAME = "$(TARGET_NAME)";
				SUPPORTED_PLATFORMS = "iphoneos iphonesimulator";
				SUPPORTS_MACCATALYST = NO;
				SUPPORTS_MAC_DESIGNED_FOR_IPHONE_IPAD = NO;
				SUPPORTS_XR_DESIGNED_FOR_IPHONE_IPAD = NO;
				SWIFT_EMIT_LOC_STRINGS = YES;
				SWIFT_VERSION = 5.0;
				TARGETED_DEVICE_FAMILY = 1;
			};
			name = Debug;
		};
		27DDDC612DC8101B007F073E /* Release */ = {
			isa = XCBuildConfiguration;
			buildSettings = {
				ASSETCATALOG_COMPILER_APPICON_NAME = AppIcon;
				ASSETCATALOG_COMPILER_GLOBAL_ACCENT_COLOR_NAME = AccentColor;
				CODE_SIGN_ENTITLEMENTS = SweetSpots/SweetSpots.entitlements;
				CODE_SIGN_STYLE = Automatic;
				CURRENT_PROJECT_VERSION = 4;
				DEVELOPMENT_TEAM = BQJVVK7V3Q;
				ENABLE_PREVIEWS = YES;
				GENERATE_INFOPLIST_FILE = YES;
				INFOPLIST_FILE = SweetSpots/Info.plist;
				INFOPLIST_KEY_NSLocationAlwaysAndWhenInUseUsageDescription = "SweetSpots uses your location in the background to notify you when you're near one of your saved favorite places, even when the app is closed";
				INFOPLIST_KEY_NSLocationWhenInUseUsageDescription = "SweetSpots uses your location to show nearby saved places on the map and help you discover them";
				INFOPLIST_KEY_UIApplicationSceneManifest_Generation = YES;
				INFOPLIST_KEY_UIApplicationSupportsIndirectInputEvents = YES;
				INFOPLIST_KEY_UISupportedInterfaceOrientations_iPad = "UIInterfaceOrientationPortrait UIInterfaceOrientationPortraitUpsideDown UIInterfaceOrientationLandscapeLeft UIInterfaceOrientationLandscapeRight";
				INFOPLIST_KEY_UISupportedInterfaceOrientations_iPhone = "UIInterfaceOrientationPortrait UIInterfaceOrientationLandscapeLeft UIInterfaceOrientationLandscapeRight";
				LD_RUNPATH_SEARCH_PATHS = (
					"$(inherited)",
					"@executable_path/Frameworks",
				);
				MARKETING_VERSION = 1.2;
				PRODUCT_BUNDLE_IDENTIFIER = com.charliegroll.SweetSpots;
				PRODUCT_NAME = "$(TARGET_NAME)";
				SUPPORTED_PLATFORMS = "iphoneos iphonesimulator";
				SUPPORTS_MACCATALYST = NO;
				SUPPORTS_MAC_DESIGNED_FOR_IPHONE_IPAD = NO;
				SUPPORTS_XR_DESIGNED_FOR_IPHONE_IPAD = NO;
				SWIFT_EMIT_LOC_STRINGS = YES;
				SWIFT_VERSION = 5.0;
				TARGETED_DEVICE_FAMILY = 1;
			};
			name = Release;
		};
		27DDDC632DC8101B007F073E /* Debug */ = {
			isa = XCBuildConfiguration;
			buildSettings = {
				BUNDLE_LOADER = "$(TEST_HOST)";
				CODE_SIGN_STYLE = Automatic;
				CURRENT_PROJECT_VERSION = 1;
				DEVELOPMENT_TEAM = BQJVVK7V3Q;
				GENERATE_INFOPLIST_FILE = YES;
				IPHONEOS_DEPLOYMENT_TARGET = 18.4;
				MARKETING_VERSION = 1.0;
				PRODUCT_BUNDLE_IDENTIFIER = com.charliegroll.SweetSpotsTests;
				PRODUCT_NAME = "$(TARGET_NAME)";
				SWIFT_EMIT_LOC_STRINGS = NO;
				SWIFT_VERSION = 5.0;
				TARGETED_DEVICE_FAMILY = "1,2";
				TEST_HOST = "$(BUILT_PRODUCTS_DIR)/SweetSpots.app/$(BUNDLE_EXECUTABLE_FOLDER_PATH)/SweetSpots";
			};
			name = Debug;
		};
		27DDDC642DC8101B007F073E /* Release */ = {
			isa = XCBuildConfiguration;
			buildSettings = {
				BUNDLE_LOADER = "$(TEST_HOST)";
				CODE_SIGN_STYLE = Automatic;
				CURRENT_PROJECT_VERSION = 1;
				DEVELOPMENT_TEAM = BQJVVK7V3Q;
				GENERATE_INFOPLIST_FILE = YES;
				IPHONEOS_DEPLOYMENT_TARGET = 18.4;
				MARKETING_VERSION = 1.0;
				PRODUCT_BUNDLE_IDENTIFIER = com.charliegroll.SweetSpotsTests;
				PRODUCT_NAME = "$(TARGET_NAME)";
				SWIFT_EMIT_LOC_STRINGS = NO;
				SWIFT_VERSION = 5.0;
				TARGETED_DEVICE_FAMILY = "1,2";
				TEST_HOST = "$(BUILT_PRODUCTS_DIR)/SweetSpots.app/$(BUNDLE_EXECUTABLE_FOLDER_PATH)/SweetSpots";
			};
			name = Release;
		};
		27DDDC662DC8101B007F073E /* Debug */ = {
			isa = XCBuildConfiguration;
			buildSettings = {
				CODE_SIGN_STYLE = Automatic;
				CURRENT_PROJECT_VERSION = 1;
				DEVELOPMENT_TEAM = BQJVVK7V3Q;
				GENERATE_INFOPLIST_FILE = YES;
				MARKETING_VERSION = 1.0;
				PRODUCT_BUNDLE_IDENTIFIER = com.charliegroll.SweetSpotsUITests;
				PRODUCT_NAME = "$(TARGET_NAME)";
				SWIFT_EMIT_LOC_STRINGS = NO;
				SWIFT_VERSION = 5.0;
				TARGETED_DEVICE_FAMILY = "1,2";
				TEST_TARGET_NAME = SweetSpots;
			};
			name = Debug;
		};
		27DDDC672DC8101B007F073E /* Release */ = {
			isa = XCBuildConfiguration;
			buildSettings = {
				CODE_SIGN_STYLE = Automatic;
				CURRENT_PROJECT_VERSION = 1;
				DEVELOPMENT_TEAM = BQJVVK7V3Q;
				GENERATE_INFOPLIST_FILE = YES;
				MARKETING_VERSION = 1.0;
				PRODUCT_BUNDLE_IDENTIFIER = com.charliegroll.SweetSpotsUITests;
				PRODUCT_NAME = "$(TARGET_NAME)";
				SWIFT_EMIT_LOC_STRINGS = NO;
				SWIFT_VERSION = 5.0;
				TARGETED_DEVICE_FAMILY = "1,2";
				TEST_TARGET_NAME = SweetSpots;
			};
			name = Release;
		};
/* End XCBuildConfiguration section */

/* Begin XCConfigurationList section */
		278FF5782DED025200578BF1 /* Build configuration list for PBXNativeTarget "SweetSpotsShare" */ = {
			isa = XCConfigurationList;
			buildConfigurations = (
				278FF5762DED025200578BF1 /* Debug */,
				278FF5772DED025200578BF1 /* Release */,
			);
			defaultConfigurationIsVisible = 0;
			defaultConfigurationName = Release;
		};
		27DDDC392DC81019007F073E /* Build configuration list for PBXProject "SweetSpots" */ = {
			isa = XCConfigurationList;
			buildConfigurations = (
				27DDDC5D2DC8101B007F073E /* Debug */,
				27DDDC5E2DC8101B007F073E /* Release */,
			);
			defaultConfigurationIsVisible = 0;
			defaultConfigurationName = Release;
		};
		27DDDC5F2DC8101B007F073E /* Build configuration list for PBXNativeTarget "SweetSpots" */ = {
			isa = XCConfigurationList;
			buildConfigurations = (
				27DDDC602DC8101B007F073E /* Debug */,
				27DDDC612DC8101B007F073E /* Release */,
			);
			defaultConfigurationIsVisible = 0;
			defaultConfigurationName = Release;
		};
		27DDDC622DC8101B007F073E /* Build configuration list for PBXNativeTarget "SweetSpotsTests" */ = {
			isa = XCConfigurationList;
			buildConfigurations = (
				27DDDC632DC8101B007F073E /* Debug */,
				27DDDC642DC8101B007F073E /* Release */,
			);
			defaultConfigurationIsVisible = 0;
			defaultConfigurationName = Release;
		};
		27DDDC652DC8101B007F073E /* Build configuration list for PBXNativeTarget "SweetSpotsUITests" */ = {
			isa = XCConfigurationList;
			buildConfigurations = (
				27DDDC662DC8101B007F073E /* Debug */,
				27DDDC672DC8101B007F073E /* Release */,
			);
			defaultConfigurationIsVisible = 0;
			defaultConfigurationName = Release;
		};
/* End XCConfigurationList section */

/* Begin XCRemoteSwiftPackageReference section */
		27DDDC682DC81107007F073E /* XCRemoteSwiftPackageReference "firebase-ios-sdk" */ = {
			isa = XCRemoteSwiftPackageReference;
			repositoryURL = "https://github.com/firebase/firebase-ios-sdk";
			requirement = {
				kind = upToNextMajorVersion;
				minimumVersion = 11.12.0;
			};
		};
/* End XCRemoteSwiftPackageReference section */

/* Begin XCSwiftPackageProductDependency section */
		27DDDC692DC81107007F073E /* FirebaseAuth */ = {
			isa = XCSwiftPackageProductDependency;
			package = 27DDDC682DC81107007F073E /* XCRemoteSwiftPackageReference "firebase-ios-sdk" */;
			productName = FirebaseAuth;
		};
		27DDDC6B2DC81107007F073E /* FirebaseFirestore */ = {
			isa = XCSwiftPackageProductDependency;
			package = 27DDDC682DC81107007F073E /* XCRemoteSwiftPackageReference "firebase-ios-sdk" */;
			productName = FirebaseFirestore;
		};
/* End XCSwiftPackageProductDependency section */
	};
	rootObject = 27DDDC362DC81019007F073E /* Project object */;
}
